
Microsoft Visual Studio Solution File, Format Version 12.00
# Visual Studio Version 17
VisualStudioVersion = 17.0.31903.59
MinimumVisualStudioVersion = 10.0.40219.1
Project("{2150E333-8FDC-42A3-9474-1A3956D46DE8}") = "src", "src", "{B17C5EB6-2D87-4E13-B740-4B220A7E4F66}"
EndProject
Project("{F2A71F9B-5D33-465A-A702-920D77279786}") = "VahterBanBot", "src\VahterBanBot\VahterBanBot.fsproj", "{3CDDAF2F-8555-476B-9CF0-298615ED39A6}"
EndProject
Project("{F2A71F9B-5D33-465A-A702-920D77279786}") = "VahterBanBot.Tests", "src\VahterBanBot.Tests\VahterBanBot.Tests.fsproj", "{6AFF7FFB-F313-40FE-BF5D-6A5797CEB311}"
EndProject
Global
	GlobalSection(SolutionConfigurationPlatforms) = preSolution
		Debug|Any CPU = Debug|Any CPU
		Release|Any CPU = Release|Any CPU
	EndGlobalSection
	GlobalSection(SolutionProperties) = preSolution
		HideSolutionNode = FALSE
	EndGlobalSection
	GlobalSection(ProjectConfigurationPlatforms) = postSolution
		{3CDDAF2F-8555-476B-9CF0-298615ED39A6}.Debug|Any CPU.ActiveCfg = Debug|Any CPU
		{3CDDAF2F-8555-476B-9CF0-298615ED39A6}.Debug|Any CPU.Build.0 = Debug|Any CPU
		{3CDDAF2F-8555-476B-9CF0-298615ED39A6}.Release|Any CPU.ActiveCfg = Release|Any CPU
		{3CDDAF2F-8555-476B-9CF0-298615ED39A6}.Release|Any CPU.Build.0 = Release|Any CPU
		{6AFF7FFB-F313-40FE-BF5D-6A5797CEB311}.Debug|Any CPU.ActiveCfg = Debug|Any CPU
		{6AFF7FFB-F313-40FE-BF5D-6A5797CEB311}.Debug|Any CPU.Build.0 = Debug|Any CPU
		{6AFF7FFB-F313-40FE-BF5D-6A5797CEB311}.Release|Any CPU.ActiveCfg = Release|Any CPU
		{6AFF7FFB-F313-40FE-BF5D-6A5797CEB311}.Release|Any CPU.Build.0 = Release|Any CPU
	EndGlobalSection
	GlobalSection(NestedProjects) = preSolution
		{3CDDAF2F-8555-476B-9CF0-298615ED39A6} = {B17C5EB6-2D87-4E13-B740-4B220A7E4F66}
		{6AFF7FFB-F313-40FE-BF5D-6A5797CEB311} = {B17C5EB6-2D87-4E13-B740-4B220A7E4F66}
	EndGlobalSection
EndGlobal
